
Microsoft Visual Studio Solution File, Format Version 12.00
# Visual Studio Version 16
VisualStudioVersion = 16.0.30114.105
MinimumVisualStudioVersion = 10.0.40219.1
Project("{FAE04EC0-301F-11D3-BF4B-00C04F79EFBC}") = "API", "API\API.csproj", "{BB83EB5C-A2BA-423E-A23B-1B0B674D51C3}"
EndProject
Project("{FAE04EC0-301F-11D3-BF4B-00C04F79EFBC}") = "Application", "Application\Application.csproj", "{FD2C001A-AD79-4D03-B708-5470E0B9B372}"
EndProject
Project("{FAE04EC0-301F-11D3-BF4B-00C04F79EFBC}") = "Domain", "Domain\Domain.csproj", "{BE5ADEF7-EF76-4BC7-A160-E0DDA8EC5601}"
EndProject
Project("{FAE04EC0-301F-11D3-BF4B-00C04F79EFBC}") = "Persistence", "Persistence\Persistence.csproj", "{98C110B8-938A-4016-90A8-802030EEF4B2}"
EndProject
Global
	GlobalSection(SolutionConfigurationPlatforms) = preSolution
		Debug|Any CPU = Debug|Any CPU
		Debug|x64 = Debug|x64
		Debug|x86 = Debug|x86
		Release|Any CPU = Release|Any CPU
		Release|x64 = Release|x64
		Release|x86 = Release|x86
	EndGlobalSection
	GlobalSection(SolutionProperties) = preSolution
		HideSolutionNode = FALSE
	EndGlobalSection
	GlobalSection(ProjectConfigurationPlatforms) = postSolution
		{BB83EB5C-A2BA-423E-A23B-1B0B674D51C3}.Debug|Any CPU.ActiveCfg = Debug|Any CPU
		{BB83EB5C-A2BA-423E-A23B-1B0B674D51C3}.Debug|Any CPU.Build.0 = Debug|Any CPU
		{BB83EB5C-A2BA-423E-A23B-1B0B674D51C3}.Debug|x64.ActiveCfg = Debug|Any CPU
		{BB83EB5C-A2BA-423E-A23B-1B0B674D51C3}.Debug|x64.Build.0 = Debug|Any CPU
		{BB83EB5C-A2BA-423E-A23B-1B0B674D51C3}.Debug|x86.ActiveCfg = Debug|Any CPU
		{BB83EB5C-A2BA-423E-A23B-1B0B674D51C3}.Debug|x86.Build.0 = Debug|Any CPU
		{BB83EB5C-A2BA-423E-A23B-1B0B674D51C3}.Release|Any CPU.ActiveCfg = Release|Any CPU
		{BB83EB5C-A2BA-423E-A23B-1B0B674D51C3}.Release|Any CPU.Build.0 = Release|Any CPU
		{BB83EB5C-A2BA-423E-A23B-1B0B674D51C3}.Release|x64.ActiveCfg = Release|Any CPU
		{BB83EB5C-A2BA-423E-A23B-1B0B674D51C3}.Release|x64.Build.0 = Release|Any CPU
		{BB83EB5C-A2BA-423E-A23B-1B0B674D51C3}.Release|x86.ActiveCfg = Release|Any CPU
		{BB83EB5C-A2BA-423E-A23B-1B0B674D51C3}.Release|x86.Build.0 = Release|Any CPU
		{FD2C001A-AD79-4D03-B708-5470E0B9B372}.Debug|Any CPU.ActiveCfg = Debug|Any CPU
		{FD2C001A-AD79-4D03-B708-5470E0B9B372}.Debug|Any CPU.Build.0 = Debug|Any CPU
		{FD2C001A-AD79-4D03-B708-5470E0B9B372}.Debug|x64.ActiveCfg = Debug|Any CPU
		{FD2C001A-AD79-4D03-B708-5470E0B9B372}.Debug|x64.Build.0 = Debug|Any CPU
		{FD2C001A-AD79-4D03-B708-5470E0B9B372}.Debug|x86.ActiveCfg = Debug|Any CPU
		{FD2C001A-AD79-4D03-B708-5470E0B9B372}.Debug|x86.Build.0 = Debug|Any CPU
		{FD2C001A-AD79-4D03-B708-5470E0B9B372}.Release|Any CPU.ActiveCfg = Release|Any CPU
		{FD2C001A-AD79-4D03-B708-5470E0B9B372}.Release|Any CPU.Build.0 = Release|Any CPU
		{FD2C001A-AD79-4D03-B708-5470E0B9B372}.Release|x64.ActiveCfg = Release|Any CPU
		{FD2C001A-AD79-4D03-B708-5470E0B9B372}.Release|x64.Build.0 = Release|Any CPU
		{FD2C001A-AD79-4D03-B708-5470E0B9B372}.Release|x86.ActiveCfg = Release|Any CPU
		{FD2C001A-AD79-4D03-B708-5470E0B9B372}.Release|x86.Build.0 = Release|Any CPU
		{BE5ADEF7-EF76-4BC7-A160-E0DDA8EC5601}.Debug|Any CPU.ActiveCfg = Debug|Any CPU
		{BE5ADEF7-EF76-4BC7-A160-E0DDA8EC5601}.Debug|Any CPU.Build.0 = Debug|Any CPU
		{BE5ADEF7-EF76-4BC7-A160-E0DDA8EC5601}.Debug|x64.ActiveCfg = Debug|Any CPU
		{BE5ADEF7-EF76-4BC7-A160-E0DDA8EC5601}.Debug|x64.Build.0 = Debug|Any CPU
		{BE5ADEF7-EF76-4BC7-A160-E0DDA8EC5601}.Debug|x86.ActiveCfg = Debug|Any CPU
		{BE5ADEF7-EF76-4BC7-A160-E0DDA8EC5601}.Debug|x86.Build.0 = Debug|Any CPU
		{BE5ADEF7-EF76-4BC7-A160-E0DDA8EC5601}.Release|Any CPU.ActiveCfg = Release|Any CPU
		{BE5ADEF7-EF76-4BC7-A160-E0DDA8EC5601}.Release|Any CPU.Build.0 = Release|Any CPU
		{BE5ADEF7-EF76-4BC7-A160-E0DDA8EC5601}.Release|x64.ActiveCfg = Release|Any CPU
		{BE5ADEF7-EF76-4BC7-A160-E0DDA8EC5601}.Release|x64.Build.0 = Release|Any CPU
		{BE5ADEF7-EF76-4BC7-A160-E0DDA8EC5601}.Release|x86.ActiveCfg = Release|Any CPU
		{BE5ADEF7-EF76-4BC7-A160-E0DDA8EC5601}.Release|x86.Build.0 = Release|Any CPU
		{98C110B8-938A-4016-90A8-802030EEF4B2}.Debug|Any CPU.ActiveCfg = Debug|Any CPU
		{98C110B8-938A-4016-90A8-802030EEF4B2}.Debug|Any CPU.Build.0 = Debug|Any CPU
		{98C110B8-938A-4016-90A8-802030EEF4B2}.Debug|x64.ActiveCfg = Debug|Any CPU
		{98C110B8-938A-4016-90A8-802030EEF4B2}.Debug|x64.Build.0 = Debug|Any CPU
		{98C110B8-938A-4016-90A8-802030EEF4B2}.Debug|x86.ActiveCfg = Debug|Any CPU
		{98C110B8-938A-4016-90A8-802030EEF4B2}.Debug|x86.Build.0 = Debug|Any CPU
		{98C110B8-938A-4016-90A8-802030EEF4B2}.Release|Any CPU.ActiveCfg = Release|Any CPU
		{98C110B8-938A-4016-90A8-802030EEF4B2}.Release|Any CPU.Build.0 = Release|Any CPU
		{98C110B8-938A-4016-90A8-802030EEF4B2}.Release|x64.ActiveCfg = Release|Any CPU
		{98C110B8-938A-4016-90A8-802030EEF4B2}.Release|x64.Build.0 = Release|Any CPU
		{98C110B8-938A-4016-90A8-802030EEF4B2}.Release|x86.ActiveCfg = Release|Any CPU
		{98C110B8-938A-4016-90A8-802030EEF4B2}.Release|x86.Build.0 = Release|Any CPU
	EndGlobalSection
EndGlobal
